
Microsoft Visual Studio Solution File, Format Version 12.00
# Visual Studio Version 16
VisualStudioVersion = 16.0.30717.126
MinimumVisualStudioVersion = 10.0.40219.1
Project("{8BC9CEB8-8B4A-11D0-8D11-00A0C91BC942}") = "教师工作量管理系统", "教师工作量管理系统\教师工作量管理系统.vcxproj", "{370C85AB-4265-4119-B2FF-2F16BD636F8D}"
EndProject
Global
	GlobalSection(SolutionConfigurationPlatforms) = preSolution
		Debug|x64 = Debug|x64
		Debug|x86 = Debug|x86
		Release|x64 = Release|x64
		Release|x86 = Release|x86
	EndGlobalSection
	GlobalSection(ProjectConfigurationPlatforms) = postSolution
		{370C85AB-4265-4119-B2FF-2F16BD636F8D}.Debug|x64.ActiveCfg = Debug|x64
		{370C85AB-4265-4119-B2FF-2F16BD636F8D}.Debug|x64.Build.0 = Debug|x64
		{370C85AB-4265-4119-B2FF-2F16BD636F8D}.Debug|x86.ActiveCfg = Debug|Win32
		{370C85AB-4265-4119-B2FF-2F16BD636F8D}.Debug|x86.Build.0 = Debug|Win32
		{370C85AB-4265-4119-B2FF-2F16BD636F8D}.Release|x64.ActiveCfg = Release|x64
		{370C85AB-4265-4119-B2FF-2F16BD636F8D}.Release|x64.Build.0 = Release|x64
		{370C85AB-4265-4119-B2FF-2F16BD636F8D}.Release|x86.ActiveCfg = Release|Win32
		{370C85AB-4265-4119-B2FF-2F16BD636F8D}.Release|x86.Build.0 = Release|Win32
	EndGlobalSection
	GlobalSection(SolutionProperties) = preSolution
		HideSolutionNode = FALSE
	EndGlobalSection
	GlobalSection(ExtensibilityGlobals) = postSolution
		SolutionGuid = {D325ABA0-C185-408A-9BB9-08AE68F6E0D6}
	EndGlobalSection
EndGlobal
